// !$*UTF8*$!
{
	archiveVersion = 1;
	classes = {
	};
	objectVersion = 50;
	objects = {

/* Begin PBXBuildFile section */
		9AAD7E33240432C900E918DE /* AppDelegate.swift in Sources */ = {isa = PBXBuildFile; fileRef = 9AAD7E32240432C900E918DE /* AppDelegate.swift */; };
		9AAD7E35240432C900E918DE /* SceneDelegate.swift in Sources */ = {isa = PBXBuildFile; fileRef = 9AAD7E34240432C900E918DE /* SceneDelegate.swift */; };
		9AAD7E37240432C900E918DE /* ViewController.swift in Sources */ = {isa = PBXBuildFile; fileRef = 9AAD7E36240432C900E918DE /* ViewController.swift */; };
		9AAD7E3A240432C900E918DE /* Main.storyboard in Resources */ = {isa = PBXBuildFile; fileRef = 9AAD7E38240432C900E918DE /* Main.storyboard */; };
		9AAD7E3C240432CB00E918DE /* Assets.xcassets in Resources */ = {isa = PBXBuildFile; fileRef = 9AAD7E3B240432CB00E918DE /* Assets.xcassets */; };
		9AAD7E3F240432CB00E918DE /* LaunchScreen.storyboard in Resources */ = {isa = PBXBuildFile; fileRef = 9AAD7E3D240432CB00E918DE /* LaunchScreen.storyboard */; };
		9AAD7E4A240432CB00E918DE /* MarioAnimationsTests.swift in Sources */ = {isa = PBXBuildFile; fileRef = 9AAD7E49240432CB00E918DE /* MarioAnimationsTests.swift */; };
		9AAD7E55240432CB00E918DE /* MarioAnimationsUITests.swift in Sources */ = {isa = PBXBuildFile; fileRef = 9AAD7E54240432CB00E918DE /* MarioAnimationsUITests.swift */; };
/* End PBXBuildFile section */

/* Begin PBXContainerItemProxy section */
		9AAD7E46240432CB00E918DE /* PBXContainerItemProxy */ = {
			isa = PBXContainerItemProxy;
			containerPortal = 9AAD7E27240432C900E918DE /* Project object */;
			proxyType = 1;
			remoteGlobalIDString = 9AAD7E2E240432C900E918DE;
			remoteInfo = MarioAnimations;
		};
		9AAD7E51240432CB00E918DE /* PBXContainerItemProxy */ = {
			isa = PBXContainerItemProxy;
			containerPortal = 9AAD7E27240432C900E918DE /* Project object */;
			proxyType = 1;
			remoteGlobalIDString = 9AAD7E2E240432C900E918DE;
			remoteInfo = MarioAnimations;
		};
/* End PBXContainerItemProxy section */

/* Begin PBXFileReference section */
		9AAD7E2F240432C900E918DE /* MarioAnimations.app */ = {isa = PBXFileReference; explicitFileType = wrapper.application; includeInIndex = 0; path = MarioAnimations.app; sourceTree = BUILT_PRODUCTS_DIR; };
		9AAD7E32240432C900E918DE /* AppDelegate.swift */ = {isa = PBXFileReference; lastKnownFileType = sourcecode.swift; path = AppDelegate.swift; sourceTree = "<group>"; };
		9AAD7E34240432C900E918DE /* SceneDelegate.swift */ = {isa = PBXFileReference; lastKnownFileType = sourcecode.swift; path = SceneDelegate.swift; sourceTree = "<group>"; };
		9AAD7E36240432C900E918DE /* ViewController.swift */ = {isa = PBXFileReference; lastKnownFileType = sourcecode.swift; path = ViewController.swift; sourceTree = "<group>"; };
		9AAD7E39240432C900E918DE /* Base */ = {isa = PBXFileReference; lastKnownFileType = file.storyboard; name = Base; path = Base.lproj/Main.storyboard; sourceTree = "<group>"; };
		9AAD7E3B240432CB00E918DE /* Assets.xcassets */ = {isa = PBXFileReference; lastKnownFileType = folder.assetcatalog; path = Assets.xcassets; sourceTree = "<group>"; };
		9AAD7E3E240432CB00E918DE /* Base */ = {isa = PBXFileReference; lastKnownFileType = file.storyboard; name = Base; path = Base.lproj/LaunchScreen.storyboard; sourceTree = "<group>"; };
		9AAD7E40240432CB00E918DE /* Info.plist */ = {isa = PBXFileReference; lastKnownFileType = text.plist.xml; path = Info.plist; sourceTree = "<group>"; };
		9AAD7E45240432CB00E918DE /* MarioAnimationsTests.xctest */ = {isa = PBXFileReference; explicitFileType = wrapper.cfbundle; includeInIndex = 0; path = MarioAnimationsTests.xctest; sourceTree = BUILT_PRODUCTS_DIR; };
		9AAD7E49240432CB00E918DE /* MarioAnimationsTests.swift */ = {isa = PBXFileReference; lastKnownFileType = sourcecode.swift; path = MarioAnimationsTests.swift; sourceTree = "<group>"; };
		9AAD7E4B240432CB00E918DE /* Info.plist */ = {isa = PBXFileReference; lastKnownFileType = text.plist.xml; path = Info.plist; sourceTree = "<group>"; };
		9AAD7E50240432CB00E918DE /* MarioAnimationsUITests.xctest */ = {isa = PBXFileReference; explicitFileType = wrapper.cfbundle; includeInIndex = 0; path = MarioAnimationsUITests.xctest; sourceTree = BUILT_PRODUCTS_DIR; };
		9AAD7E54240432CB00E918DE /* MarioAnimationsUITests.swift */ = {isa = PBXFileReference; lastKnownFileType = sourcecode.swift; path = MarioAnimationsUITests.swift; sourceTree = "<group>"; };
		9AAD7E56240432CB00E918DE /* Info.plist */ = {isa = PBXFileReference; lastKnownFileType = text.plist.xml; path = Info.plist; sourceTree = "<group>"; };
/* End PBXFileReference section */

/* Begin PBXFrameworksBuildPhase section */
		9AAD7E2C240432C900E918DE /* Frameworks */ = {
			isa = PBXFrameworksBuildPhase;
			buildActionMask = 2147483647;
			files = (
			);
			runOnlyForDeploymentPostprocessing = 0;
		};
		9AAD7E42240432CB00E918DE /* Frameworks */ = {
			isa = PBXFrameworksBuildPhase;
			buildActionMask = 2147483647;
			files = (
			);
			runOnlyForDeploymentPostprocessing = 0;
		};
		9AAD7E4D240432CB00E918DE /* Frameworks */ = {
			isa = PBXFrameworksBuildPhase;
			buildActionMask = 2147483647;
			files = (
			);
			runOnlyForDeploymentPostprocessing = 0;
		};
/* End PBXFrameworksBuildPhase section */

/* Begin PBXGroup section */
		9AAD7E26240432C900E918DE = {
			isa = PBXGroup;
			children = (
				9AAD7E31240432C900E918DE /* MarioAnimations */,
				9AAD7E48240432CB00E918DE /* MarioAnimationsTests */,
				9AAD7E53240432CB00E918DE /* MarioAnimationsUITests */,
				9AAD7E30240432C900E918DE /* Products */,
			);
			sourceTree = "<group>";
		};
		9AAD7E30240432C900E918DE /* Products */ = {
			isa = PBXGroup;
			children = (
				9AAD7E2F240432C900E918DE /* MarioAnimations.app */,
				9AAD7E45240432CB00E918DE /* MarioAnimationsTests.xctest */,
				9AAD7E50240432CB00E918DE /* MarioAnimationsUITests.xctest */,
			);
			name = Products;
			sourceTree = "<group>";
		};
		9AAD7E31240432C900E918DE /* MarioAnimations */ = {
			isa = PBXGroup;
			children = (
				9AAD7E32240432C900E918DE /* AppDelegate.swift */,
				9AAD7E34240432C900E918DE /* SceneDelegate.swift */,
				9AAD7E36240432C900E918DE /* ViewController.swift */,
				9AAD7E38240432C900E918DE /* Main.storyboard */,
				9AAD7E3B240432CB00E918DE /* Assets.xcassets */,
				9AAD7E3D240432CB00E918DE /* LaunchScreen.storyboard */,
				9AAD7E40240432CB00E918DE /* Info.plist */,
			);
			path = MarioAnimations;
			sourceTree = "<group>";
		};
		9AAD7E48240432CB00E918DE /* MarioAnimationsTests */ = {
			isa = PBXGroup;
			children = (
				9AAD7E49240432CB00E918DE /* MarioAnimationsTests.swift */,
				9AAD7E4B240432CB00E918DE /* Info.plist */,
			);
			path = MarioAnimationsTests;
			sourceTree = "<group>";
		};
		9AAD7E53240432CB00E918DE /* MarioAnimationsUITests */ = {
			isa = PBXGroup;
			children = (
				9AAD7E54240432CB00E918DE /* MarioAnimationsUITests.swift */,
				9AAD7E56240432CB00E918DE /* Info.plist */,
			);
			path = MarioAnimationsUITests;
			sourceTree = "<group>";
		};
/* End PBXGroup section */

/* Begin PBXNativeTarget section */
		9AAD7E2E240432C900E918DE /* MarioAnimations */ = {
			isa = PBXNativeTarget;
			buildConfigurationList = 9AAD7E59240432CB00E918DE /* Build configuration list for PBXNativeTarget "MarioAnimations" */;
			buildPhases = (
				9AAD7E2B240432C900E918DE /* Sources */,
				9AAD7E2C240432C900E918DE /* Frameworks */,
				9AAD7E2D240432C900E918DE /* Resources */,
			);
			buildRules = (
			);
			dependencies = (
			);
			name = MarioAnimations;
			productName = MarioAnimations;
			productReference = 9AAD7E2F240432C900E918DE /* MarioAnimations.app */;
			productType = "com.apple.product-type.application";
		};
		9AAD7E44240432CB00E918DE /* MarioAnimationsTests */ = {
			isa = PBXNativeTarget;
			buildConfigurationList = 9AAD7E5C240432CB00E918DE /* Build configuration list for PBXNativeTarget "MarioAnimationsTests" */;
			buildPhases = (
				9AAD7E41240432CB00E918DE /* Sources */,
				9AAD7E42240432CB00E918DE /* Frameworks */,
				9AAD7E43240432CB00E918DE /* Resources */,
			);
			buildRules = (
			);
			dependencies = (
				9AAD7E47240432CB00E918DE /* PBXTargetDependency */,
			);
			name = MarioAnimationsTests;
			productName = MarioAnimationsTests;
			productReference = 9AAD7E45240432CB00E918DE /* MarioAnimationsTests.xctest */;
			productType = "com.apple.product-type.bundle.unit-test";
		};
		9AAD7E4F240432CB00E918DE /* MarioAnimationsUITests */ = {
			isa = PBXNativeTarget;
			buildConfigurationList = 9AAD7E5F240432CB00E918DE /* Build configuration list for PBXNativeTarget "MarioAnimationsUITests" */;
			buildPhases = (
				9AAD7E4C240432CB00E918DE /* Sources */,
				9AAD7E4D240432CB00E918DE /* Frameworks */,
				9AAD7E4E240432CB00E918DE /* Resources */,
			);
			buildRules = (
			);
			dependencies = (
				9AAD7E52240432CB00E918DE /* PBXTargetDependency */,
			);
			name = MarioAnimationsUITests;
			productName = MarioAnimationsUITests;
			productReference = 9AAD7E50240432CB00E918DE /* MarioAnimationsUITests.xctest */;
			productType = "com.apple.product-type.bundle.ui-testing";
		};
/* End PBXNativeTarget section */

/* Begin PBXProject section */
		9AAD7E27240432C900E918DE /* Project object */ = {
			isa = PBXProject;
			attributes = {
				LastSwiftUpdateCheck = 1130;
				LastUpgradeCheck = 1130;
				ORGANIZATIONNAME = "Crittenden, Rey ";
				TargetAttributes = {
					9AAD7E2E240432C900E918DE = {
						CreatedOnToolsVersion = 11.3.1;
					};
					9AAD7E44240432CB00E918DE = {
						CreatedOnToolsVersion = 11.3.1;
						TestTargetID = 9AAD7E2E240432C900E918DE;
					};
					9AAD7E4F240432CB00E918DE = {
						CreatedOnToolsVersion = 11.3.1;
						TestTargetID = 9AAD7E2E240432C900E918DE;
					};
				};
			};
			buildConfigurationList = 9AAD7E2A240432C900E918DE /* Build configuration list for PBXProject "MarioAnimations" */;
			compatibilityVersion = "Xcode 9.3";
			developmentRegion = en;
			hasScannedForEncodings = 0;
			knownRegions = (
				en,
				Base,
			);
			mainGroup = 9AAD7E26240432C900E918DE;
			productRefGroup = 9AAD7E30240432C900E918DE /* Products */;
			projectDirPath = "";
			projectRoot = "";
			targets = (
				9AAD7E2E240432C900E918DE /* MarioAnimations */,
				9AAD7E44240432CB00E918DE /* MarioAnimationsTests */,
				9AAD7E4F240432CB00E918DE /* MarioAnimationsUITests */,
			);
		};
/* End PBXProject section */

/* Begin PBXResourcesBuildPhase section */
		9AAD7E2D240432C900E918DE /* Resources */ = {
			isa = PBXResourcesBuildPhase;
			buildActionMask = 2147483647;
			files = (
				9AAD7E3F240432CB00E918DE /* LaunchScreen.storyboard in Resources */,
				9AAD7E3C240432CB00E918DE /* Assets.xcassets in Resources */,
				9AAD7E3A240432C900E918DE /* Main.storyboard in Resources */,
			);
			runOnlyForDeploymentPostprocessing = 0;
		};
		9AAD7E43240432CB00E918DE /* Resources */ = {
			isa = PBXResourcesBuildPhase;
			buildActionMask = 2147483647;
			files = (
			);
			runOnlyForDeploymentPostprocessing = 0;
		};
		9AAD7E4E240432CB00E918DE /* Resources */ = {
			isa = PBXResourcesBuildPhase;
			buildActionMask = 2147483647;
			files = (
			);
			runOnlyForDeploymentPostprocessing = 0;
		};
/* End PBXResourcesBuildPhase section */

/* Begin PBXSourcesBuildPhase section */
		9AAD7E2B240432C900E918DE /* Sources */ = {
			isa = PBXSourcesBuildPhase;
			buildActionMask = 2147483647;
			files = (
				9AAD7E37240432C900E918DE /* ViewController.swift in Sources */,
				9AAD7E33240432C900E918DE /* AppDelegate.swift in Sources */,
				9AAD7E35240432C900E918DE /* SceneDelegate.swift in Sources */,
			);
			runOnlyForDeploymentPostprocessing = 0;
		};
		9AAD7E41240432CB00E918DE /* Sources */ = {
			isa = PBXSourcesBuildPhase;
			buildActionMask = 2147483647;
			files = (
				9AAD7E4A240432CB00E918DE /* MarioAnimationsTests.swift in Sources */,
			);
			runOnlyForDeploymentPostprocessing = 0;
		};
		9AAD7E4C240432CB00E918DE /* Sources */ = {
			isa = PBXSourcesBuildPhase;
			buildActionMask = 2147483647;
			files = (
				9AAD7E55240432CB00E918DE /* MarioAnimationsUITests.swift in Sources */,
			);
			runOnlyForDeploymentPostprocessing = 0;
		};
/* End PBXSourcesBuildPhase section */

/* Begin PBXTargetDependency section */
		9AAD7E47240432CB00E918DE /* PBXTargetDependency */ = {
			isa = PBXTargetDependency;
			target = 9AAD7E2E240432C900E918DE /* MarioAnimations */;
			targetProxy = 9AAD7E46240432CB00E918DE /* PBXContainerItemProxy */;
		};
		9AAD7E52240432CB00E918DE /* PBXTargetDependency */ = {
			isa = PBXTargetDependency;
			target = 9AAD7E2E240432C900E918DE /* MarioAnimations */;
			targetProxy = 9AAD7E51240432CB00E918DE /* PBXContainerItemProxy */;
		};
/* End PBXTargetDependency section */

/* Begin PBXVariantGroup section */
		9AAD7E38240432C900E918DE /* Main.storyboard */ = {
			isa = PBXVariantGroup;
			children = (
				9AAD7E39240432C900E918DE /* Base */,
			);
			name = Main.storyboard;
			sourceTree = "<group>";
		};
		9AAD7E3D240432CB00E918DE /* LaunchScreen.storyboard */ = {
			isa = PBXVariantGroup;
			children = (
				9AAD7E3E240432CB00E918DE /* Base */,
			);
			name = LaunchScreen.storyboard;
			sourceTree = "<group>";
		};
/* End PBXVariantGroup section */

/* Begin XCBuildConfiguration section */
		9AAD7E57240432CB00E918DE /* Debug */ = {
			isa = XCBuildConfiguration;
			buildSettings = {
				ALWAYS_SEARCH_USER_PATHS = NO;
				CLANG_ANALYZER_NONNULL = YES;
				CLANG_ANALYZER_NUMBER_OBJECT_CONVERSION = YES_AGGRESSIVE;
				CLANG_CXX_LANGUAGE_STANDARD = "gnu++14";
				CLANG_CXX_LIBRARY = "libc++";
				CLANG_ENABLE_MODULES = YES;
				CLANG_ENABLE_OBJC_ARC = YES;
				CLANG_ENABLE_OBJC_WEAK = YES;
				CLANG_WARN_BLOCK_CAPTURE_AUTORELEASING = YES;
				CLANG_WARN_BOOL_CONVERSION = YES;
				CLANG_WARN_COMMA = YES;
				CLANG_WARN_CONSTANT_CONVERSION = YES;
				CLANG_WARN_DEPRECATED_OBJC_IMPLEMENTATIONS = YES;
				CLANG_WARN_DIRECT_OBJC_ISA_USAGE = YES_ERROR;
				CLANG_WARN_DOCUMENTATION_COMMENTS = YES;
				CLANG_WARN_EMPTY_BODY = YES;
				CLANG_WARN_ENUM_CONVERSION = YES;
				CLANG_WARN_INFINITE_RECURSION = YES;
				CLANG_WARN_INT_CONVERSION = YES;
				CLANG_WARN_NON_LITERAL_NULL_CONVERSION = YES;
				CLANG_WARN_OBJC_IMPLICIT_RETAIN_SELF = YES;
				CLANG_WARN_OBJC_LITERAL_CONVERSION = YES;
				CLANG_WARN_OBJC_ROOT_CLASS = YES_ERROR;
				CLANG_WARN_RANGE_LOOP_ANALYSIS = YES;
				CLANG_WARN_STRICT_PROTOTYPES = YES;
				CLANG_WARN_SUSPICIOUS_MOVE = YES;
				CLANG_WARN_UNGUARDED_AVAILABILITY = YES_AGGRESSIVE;
				CLANG_WARN_UNREACHABLE_CODE = YES;
				CLANG_WARN__DUPLICATE_METHOD_MATCH = YES;
				COPY_PHASE_STRIP = NO;
				DEBUG_INFORMATION_FORMAT = dwarf;
				ENABLE_STRICT_OBJC_MSGSEND = YES;
				ENABLE_TESTABILITY = YES;
				GCC_C_LANGUAGE_STANDARD = gnu11;
				GCC_DYNAMIC_NO_PIC = NO;
				GCC_NO_COMMON_BLOCKS = YES;
				GCC_OPTIMIZATION_LEVEL = 0;
				GCC_PREPROCESSOR_DEFINITIONS = (
					"DEBUG=1",
					"$(inherited)",
				);
				GCC_WARN_64_TO_32_BIT_CONVERSION = YES;
				GCC_WARN_ABOUT_RETURN_TYPE = YES_ERROR;
				GCC_WARN_UNDECLARED_SELECTOR = YES;
				GCC_WARN_UNINITIALIZED_AUTOS = YES_AGGRESSIVE;
				GCC_WARN_UNUSED_FUNCTION = YES;
				GCC_WARN_UNUSED_VARIABLE = YES;
				IPHONEOS_DEPLOYMENT_TARGET = 13.2;
				MTL_ENABLE_DEBUG_INFO = INCLUDE_SOURCE;
				MTL_FAST_MATH = YES;
				ONLY_ACTIVE_ARCH = YES;
				SDKROOT = iphoneos;
				SWIFT_ACTIVE_COMPILATION_CONDITIONS = DEBUG;
				SWIFT_OPTIMIZATION_LEVEL = "-Onone";
			};
			name = Debug;
		};
		9AAD7E58240432CB00E918DE /* Release */ = {
			isa = XCBuildConfiguration;
			buildSettings = {
				ALWAYS_SEARCH_USER_PATHS = NO;
				CLANG_ANALYZER_NONNULL = YES;
				CLANG_ANALYZER_NUMBER_OBJECT_CONVERSION = YES_AGGRESSIVE;
				CLANG_CXX_LANGUAGE_STANDARD = "gnu++14";
				CLANG_CXX_LIBRARY = "libc++";
				CLANG_ENABLE_MODULES = YES;
				CLANG_ENABLE_OBJC_ARC = YES;
				CLANG_ENABLE_OBJC_WEAK = YES;
				CLANG_WARN_BLOCK_CAPTURE_AUTORELEASING = YES;
				CLANG_WARN_BOOL_CONVERSION = YES;
				CLANG_WARN_COMMA = YES;
				CLANG_WARN_CONSTANT_CONVERSION = YES;
				CLANG_WARN_DEPRECATED_OBJC_IMPLEMENTATIONS = YES;
				CLANG_WARN_DIRECT_OBJC_ISA_USAGE = YES_ERROR;
				CLANG_WARN_DOCUMENTATION_COMMENTS = YES;
				CLANG_WARN_EMPTY_BODY = YES;
				CLANG_WARN_ENUM_CONVERSION = YES;
				CLANG_WARN_INFINITE_RECURSION = YES;
				CLANG_WARN_INT_CONVERSION = YES;
				CLANG_WARN_NON_LITERAL_NULL_CONVERSION = YES;
				CLANG_WARN_OBJC_IMPLICIT_RETAIN_SELF = YES;
				CLANG_WARN_OBJC_LITERAL_CONVERSION = YES;
				CLANG_WARN_OBJC_ROOT_CLASS = YES_ERROR;
				CLANG_WARN_RANGE_LOOP_ANALYSIS = YES;
				CLANG_WARN_STRICT_PROTOTYPES = YES;
				CLANG_WARN_SUSPICIOUS_MOVE = YES;
				CLANG_WARN_UNGUARDED_AVAILABILITY = YES_AGGRESSIVE;
				CLANG_WARN_UNREACHABLE_CODE = YES;
				CLANG_WARN__DUPLICATE_METHOD_MATCH = YES;
				COPY_PHASE_STRIP = NO;
				DEBUG_INFORMATION_FORMAT = "dwarf-with-dsym";
				ENABLE_NS_ASSERTIONS = NO;
				ENABLE_STRICT_OBJC_MSGSEND = YES;
				GCC_C_LANGUAGE_STANDARD = gnu11;
				GCC_NO_COMMON_BLOCKS = YES;
				GCC_WARN_64_TO_32_BIT_CONVERSION = YES;
				GCC_WARN_ABOUT_RETURN_TYPE = YES_ERROR;
				GCC_WARN_UNDECLARED_SELECTOR = YES;
				GCC_WARN_UNINITIALIZED_AUTOS = YES_AGGRESSIVE;
				GCC_WARN_UNUSED_FUNCTION = YES;
				GCC_WARN_UNUSED_VARIABLE = YES;
				IPHONEOS_DEPLOYMENT_TARGET = 13.2;
				MTL_ENABLE_DEBUG_INFO = NO;
				MTL_FAST_MATH = YES;
				SDKROOT = iphoneos;
				SWIFT_COMPILATION_MODE = wholemodule;
				SWIFT_OPTIMIZATION_LEVEL = "-O";
				VALIDATE_PRODUCT = YES;
			};
			name = Release;
		};
		9AAD7E5A240432CB00E918DE /* Debug */ = {
			isa = XCBuildConfiguration;
			buildSettings = {
				ASSETCATALOG_COMPILER_APPICON_NAME = AppIcon;
				CODE_SIGN_STYLE = Automatic;
				DEVELOPMENT_TEAM = XSSCG977J6;
				INFOPLIST_FILE = MarioAnimations/Info.plist;
				LD_RUNPATH_SEARCH_PATHS = (
					"$(inherited)",
					"@executable_path/Frameworks",
				);
				PRODUCT_BUNDLE_IDENTIFIER = meme.MarioAnimations;
				PRODUCT_NAME = "$(TARGET_NAME)";
				SWIFT_VERSION = 5.0;
				TARGETED_DEVICE_FAMILY = "1,2";
			};
			name = Debug;
		};
		9AAD7E5B240432CB00E918DE /* Release */ = {
			isa = XCBuildConfiguration;
			buildSettings = {
				ASSETCATALOG_COMPILER_APPICON_NAME = AppIcon;
				CODE_SIGN_STYLE = Automatic;
				DEVELOPMENT_TEAM = XSSCG977J6;
				INFOPLIST_FILE = MarioAnimations/Info.plist;
				LD_RUNPATH_SEARCH_PATHS = (
					"$(inherited)",
					"@executable_path/Frameworks",
				);
				PRODUCT_BUNDLE_IDENTIFIER = meme.MarioAnimations;
				PRODUCT_NAME = "$(TARGET_NAME)";
				SWIFT_VERSION = 5.0;
				TARGETED_DEVICE_FAMILY = "1,2";
			};
			name = Release;
		};
		9AAD7E5D240432CB00E918DE /* Debug */ = {
			isa = XCBuildConfiguration;
			buildSettings = {
				ALWAYS_EMBED_SWIFT_STANDARD_LIBRARIES = YES;
				BUNDLE_LOADER = "$(TEST_HOST)";
				CODE_SIGN_STYLE = Automatic;
				DEVELOPMENT_TEAM = XSSCG977J6;
				INFOPLIST_FILE = MarioAnimationsTests/Info.plist;
				IPHONEOS_DEPLOYMENT_TARGET = 13.2;
				LD_RUNPATH_SEARCH_PATHS = (
					"$(inherited)",
					"@executable_path/Frameworks",
					"@loader_path/Frameworks",
				);
				PRODUCT_BUNDLE_IDENTIFIER = meme.MarioAnimationsTests;
				PRODUCT_NAME = "$(TARGET_NAME)";
				SWIFT_VERSION = 5.0;
				TARGETED_DEVICE_FAMILY = "1,2";
				TEST_HOST = "$(BUILT_PRODUCTS_DIR)/MarioAnimations.app/MarioAnimations";
			};
			name = Debug;
		};
		9AAD7E5E240432CB00E918DE /* Release */ = {
			isa = XCBuildConfiguration;
			buildSettings = {
				ALWAYS_EMBED_SWIFT_STANDARD_LIBRARIES = YES;
				BUNDLE_LOADER = "$(TEST_HOST)";
				CODE_SIGN_STYLE = Automatic;
				DEVELOPMENT_TEAM = XSSCG977J6;
				INFOPLIST_FILE = MarioAnimationsTests/Info.plist;
				IPHONEOS_DEPLOYMENT_TARGET = 13.2;
				LD_RUNPATH_SEARCH_PATHS = (
					"$(inherited)",
					"@executable_path/Frameworks",
					"@loader_path/Frameworks",
				);
				PRODUCT_BUNDLE_IDENTIFIER = meme.MarioAnimationsTests;
				PRODUCT_NAME = "$(TARGET_NAME)";
				SWIFT_VERSION = 5.0;
				TARGETED_DEVICE_FAMILY = "1,2";
				TEST_HOST = "$(BUILT_PRODUCTS_DIR)/MarioAnimations.app/MarioAnimations";
			};
			name = Release;
		};
		9AAD7E60240432CB00E918DE /* Debug */ = {
			isa = XCBuildConfiguration;
			buildSettings = {
				ALWAYS_EMBED_SWIFT_STANDARD_LIBRARIES = YES;
				CODE_SIGN_STYLE = Automatic;
				DEVELOPMENT_TEAM = XSSCG977J6;
				INFOPLIST_FILE = MarioAnimationsUITests/Info.plist;
				LD_RUNPATH_SEARCH_PATHS = (
					"$(inherited)",
					"@executable_path/Frameworks",
					"@loader_path/Frameworks",
				);
				PRODUCT_BUNDLE_IDENTIFIER = meme.MarioAnimationsUITests;
				PRODUCT_NAME = "$(TARGET_NAME)";
				SWIFT_VERSION = 5.0;
				TARGETED_DEVICE_FAMILY = "1,2";
				TEST_TARGET_NAME = MarioAnimations;
			};
			name = Debug;
		};
		9AAD7E61240432CB00E918DE /* Release */ = {
			isa = XCBuildConfiguration;
			buildSettings = {
				ALWAYS_EMBED_SWIFT_STANDARD_LIBRARIES = YES;
				CODE_SIGN_STYLE = Automatic;
				DEVELOPMENT_TEAM = XSSCG977J6;
				INFOPLIST_FILE = MarioAnimationsUITests/Info.plist;
				LD_RUNPATH_SEARCH_PATHS = (
					"$(inherited)",
					"@executable_path/Frameworks",
					"@loader_path/Frameworks",
				);
				PRODUCT_BUNDLE_IDENTIFIER = meme.MarioAnimationsUITests;
				PRODUCT_NAME = "$(TARGET_NAME)";
				SWIFT_VERSION = 5.0;
				TARGETED_DEVICE_FAMILY = "1,2";
				TEST_TARGET_NAME = MarioAnimations;
			};
			name = Release;
		};
/* End XCBuildConfiguration section */

/* Begin XCConfigurationList section */
		9AAD7E2A240432C900E918DE /* Build configuration list for PBXProject "MarioAnimations" */ = {
			isa = XCConfigurationList;
			buildConfigurations = (
				9AAD7E57240432CB00E918DE /* Debug */,
				9AAD7E58240432CB00E918DE /* Release */,
			);
			defaultConfigurationIsVisible = 0;
			defaultConfigurationName = Release;
		};
		9AAD7E59240432CB00E918DE /* Build configuration list for PBXNativeTarget "MarioAnimations" */ = {
			isa = XCConfigurationList;
			buildConfigurations = (
				9AAD7E5A240432CB00E918DE /* Debug */,
				9AAD7E5B240432CB00E918DE /* Release */,
			);
			defaultConfigurationIsVisible = 0;
			defaultConfigurationName = Release;
		};
		9AAD7E5C240432CB00E918DE /* Build configuration list for PBXNativeTarget "MarioAnimationsTests" */ = {
			isa = XCConfigurationList;
			buildConfigurations = (
				9AAD7E5D240432CB00E918DE /* Debug */,
				9AAD7E5E240432CB00E918DE /* Release */,
			);
			defaultConfigurationIsVisible = 0;
			defaultConfigurationName = Release;
		};
		9AAD7E5F240432CB00E918DE /* Build configuration list for PBXNativeTarget "MarioAnimationsUITests" */ = {
			isa = XCConfigurationList;
			buildConfigurations = (
				9AAD7E60240432CB00E918DE /* Debug */,
				9AAD7E61240432CB00E918DE /* Release */,
			);
			defaultConfigurationIsVisible = 0;
			defaultConfigurationName = Release;
		};
/* End XCConfigurationList section */
	};
	rootObject = 9AAD7E27240432C900E918DE /* Project object */;
}
